
Microsoft Visual Studio Solution File, Format Version 12.00
# Visual Studio Version 16
VisualStudioVersion = 16.0.32228.343
MinimumVisualStudioVersion = 10.0.40219.1
Project("{FAE04EC0-301F-11D3-BF4B-00C04F79EFBC}") = "Facebook", "Facebook\Facebook.csproj", "{EA938A4D-FE1E-49FB-B40C-DB626A5FE049}"
EndProject
Global
	GlobalSection(SolutionConfigurationPlatforms) = preSolution
		Debug|Any CPU = Debug|Any CPU
		Release|Any CPU = Release|Any CPU
	EndGlobalSection
	GlobalSection(ProjectConfigurationPlatforms) = postSolution
		{EA938A4D-FE1E-49FB-B40C-DB626A5FE049}.Debug|Any CPU.ActiveCfg = Debug|Any CPU
		{EA938A4D-FE1E-49FB-B40C-DB626A5FE049}.Debug|Any CPU.Build.0 = Debug|Any CPU
		{EA938A4D-FE1E-49FB-B40C-DB626A5FE049}.Release|Any CPU.ActiveCfg = Release|Any CPU
		{EA938A4D-FE1E-49FB-B40C-DB626A5FE049}.Release|Any CPU.Build.0 = Release|Any CPU
	EndGlobalSection
	GlobalSection(SolutionProperties) = preSolution
		HideSolutionNode = FALSE
	EndGlobalSection
	GlobalSection(ExtensibilityGlobals) = postSolution
		SolutionGuid = {09E7025E-0651-4295-98C8-6A64875A16DC}
	EndGlobalSection
EndGlobal
